
Microsoft Visual Studio Solution File, Format Version 12.00
# Visual Studio 2013
VisualStudioVersion = 12.0.30110.0
MinimumVisualStudioVersion = 10.0.40219.1
Project("{FAE04EC0-301F-11D3-BF4B-00C04F79EFBC}") = "01. DeclareVariables", "DeclareVariables\01. DeclareVariables.csproj", "{0539A65A-3FFE-40CC-9DE8-B193835117D0}"
EndProject
Project("{FAE04EC0-301F-11D3-BF4B-00C04F79EFBC}") = "02. FloatAndDouble", "FloatAndDouble\02. FloatAndDouble.csproj", "{A50E28C7-FFDE-4B07-80A2-9C991A3E6D0B}"
EndProject
Project("{FAE04EC0-301F-11D3-BF4B-00C04F79EFBC}") = "03. ComparingFloats", "ComparingFloats\03. ComparingFloats.csproj", "{0A3B1F32-EFCA-4DBE-8312-7F7091110C25}"
EndProject
Project("{FAE04EC0-301F-11D3-BF4B-00C04F79EFBC}") = "04. HexadecimalFormat", "HexadecimalFormat\04. HexadecimalFormat.csproj", "{FA01C388-B0DB-4411-A842-10BB5829745A}"
EndProject
Project("{FAE04EC0-301F-11D3-BF4B-00C04F79EFBC}") = "05. UnicodeValue", "UnicodeValue\05. UnicodeValue.csproj", "{C34BD2D4-A7D8-4363-84FB-BDD0577427C6}"
EndProject
Project("{FAE04EC0-301F-11D3-BF4B-00C04F79EFBC}") = "06. BooleanVariable", "BooleanVariable\06. BooleanVariable.csproj", "{9C20C031-B620-4770-9723-F0FE207C2CA5}"
EndProject
Project("{FAE04EC0-301F-11D3-BF4B-00C04F79EFBC}") = "07. ConcatenationVariables", "ConcatenationVariables\07. ConcatenationVariables.csproj", "{104BAD32-ED4C-4F64-AD6C-6F79F3A54760}"
EndProject
Project("{FAE04EC0-301F-11D3-BF4B-00C04F79EFBC}") = "08. QuotesInString", "QuotesInString\08. QuotesInString.csproj", "{5DAAE645-57BB-4773-92DC-C0183AFCF6CC}"
EndProject
Project("{FAE04EC0-301F-11D3-BF4B-00C04F79EFBC}") = "09. IsoscelesTriangle", "IsoscelesTriangle\09. IsoscelesTriangle.csproj", "{8E497330-8C0C-4D9D-9647-450DB9BDAAC1}"
EndProject
Project("{FAE04EC0-301F-11D3-BF4B-00C04F79EFBC}") = "10. ExchangeVariable", "ExchangeVariable\10. ExchangeVariable.csproj", "{C7D3EB00-B4B1-400C-B91D-EE726874FC8B}"
EndProject
Project("{FAE04EC0-301F-11D3-BF4B-00C04F79EFBC}") = "11. FillData", "FillData\11. FillData.csproj", "{CD9A8B2A-5C73-44DE-A470-F64722B0A146}"
EndProject
Project("{FAE04EC0-301F-11D3-BF4B-00C04F79EFBC}") = "12. BankAcaunt", "BankAcaunt\12. BankAcaunt.csproj", "{6C80B85F-92C3-4145-AB8F-999CA1E72C2D}"
EndProject
Project("{FAE04EC0-301F-11D3-BF4B-00C04F79EFBC}") = "13. NullValues", "NullValues\13. NullValues.csproj", "{72832B4F-B5D4-498E-A83C-AAF9DBACFF32}"
EndProject
Project("{FAE04EC0-301F-11D3-BF4B-00C04F79EFBC}") = "14. AsciiTable", "AsciiTable\14. AsciiTable.csproj", "{747EAB33-0539-4C32-8779-FC17823EDC78}"
EndProject
Global
	GlobalSection(SolutionConfigurationPlatforms) = preSolution
		Debug|Any CPU = Debug|Any CPU
		Release|Any CPU = Release|Any CPU
	EndGlobalSection
	GlobalSection(ProjectConfigurationPlatforms) = postSolution
		{0539A65A-3FFE-40CC-9DE8-B193835117D0}.Debug|Any CPU.ActiveCfg = Debug|Any CPU
		{0539A65A-3FFE-40CC-9DE8-B193835117D0}.Debug|Any CPU.Build.0 = Debug|Any CPU
		{0539A65A-3FFE-40CC-9DE8-B193835117D0}.Release|Any CPU.ActiveCfg = Release|Any CPU
		{0539A65A-3FFE-40CC-9DE8-B193835117D0}.Release|Any CPU.Build.0 = Release|Any CPU
		{A50E28C7-FFDE-4B07-80A2-9C991A3E6D0B}.Debug|Any CPU.ActiveCfg = Debug|Any CPU
		{A50E28C7-FFDE-4B07-80A2-9C991A3E6D0B}.Debug|Any CPU.Build.0 = Debug|Any CPU
		{A50E28C7-FFDE-4B07-80A2-9C991A3E6D0B}.Release|Any CPU.ActiveCfg = Release|Any CPU
		{A50E28C7-FFDE-4B07-80A2-9C991A3E6D0B}.Release|Any CPU.Build.0 = Release|Any CPU
		{0A3B1F32-EFCA-4DBE-8312-7F7091110C25}.Debug|Any CPU.ActiveCfg = Debug|Any CPU
		{0A3B1F32-EFCA-4DBE-8312-7F7091110C25}.Debug|Any CPU.Build.0 = Debug|Any CPU
		{0A3B1F32-EFCA-4DBE-8312-7F7091110C25}.Release|Any CPU.ActiveCfg = Release|Any CPU
		{0A3B1F32-EFCA-4DBE-8312-7F7091110C25}.Release|Any CPU.Build.0 = Release|Any CPU
		{FA01C388-B0DB-4411-A842-10BB5829745A}.Debug|Any CPU.ActiveCfg = Debug|Any CPU
		{FA01C388-B0DB-4411-A842-10BB5829745A}.Debug|Any CPU.Build.0 = Debug|Any CPU
		{FA01C388-B0DB-4411-A842-10BB5829745A}.Release|Any CPU.ActiveCfg = Release|Any CPU
		{FA01C388-B0DB-4411-A842-10BB5829745A}.Release|Any CPU.Build.0 = Release|Any CPU
		{C34BD2D4-A7D8-4363-84FB-BDD0577427C6}.Debug|Any CPU.ActiveCfg = Debug|Any CPU
		{C34BD2D4-A7D8-4363-84FB-BDD0577427C6}.Debug|Any CPU.Build.0 = Debug|Any CPU
		{C34BD2D4-A7D8-4363-84FB-BDD0577427C6}.Release|Any CPU.ActiveCfg = Release|Any CPU
		{C34BD2D4-A7D8-4363-84FB-BDD0577427C6}.Release|Any CPU.Build.0 = Release|Any CPU
		{9C20C031-B620-4770-9723-F0FE207C2CA5}.Debug|Any CPU.ActiveCfg = Debug|Any CPU
		{9C20C031-B620-4770-9723-F0FE207C2CA5}.Debug|Any CPU.Build.0 = Debug|Any CPU
		{9C20C031-B620-4770-9723-F0FE207C2CA5}.Release|Any CPU.ActiveCfg = Release|Any CPU
		{9C20C031-B620-4770-9723-F0FE207C2CA5}.Release|Any CPU.Build.0 = Release|Any CPU
		{104BAD32-ED4C-4F64-AD6C-6F79F3A54760}.Debug|Any CPU.ActiveCfg = Debug|Any CPU
		{104BAD32-ED4C-4F64-AD6C-6F79F3A54760}.Debug|Any CPU.Build.0 = Debug|Any CPU
		{104BAD32-ED4C-4F64-AD6C-6F79F3A54760}.Release|Any CPU.ActiveCfg = Release|Any CPU
		{104BAD32-ED4C-4F64-AD6C-6F79F3A54760}.Release|Any CPU.Build.0 = Release|Any CPU
		{5DAAE645-57BB-4773-92DC-C0183AFCF6CC}.Debug|Any CPU.ActiveCfg = Debug|Any CPU
		{5DAAE645-57BB-4773-92DC-C0183AFCF6CC}.Debug|Any CPU.Build.0 = Debug|Any CPU
		{5DAAE645-57BB-4773-92DC-C0183AFCF6CC}.Release|Any CPU.ActiveCfg = Release|Any CPU
		{5DAAE645-57BB-4773-92DC-C0183AFCF6CC}.Release|Any CPU.Build.0 = Release|Any CPU
		{8E497330-8C0C-4D9D-9647-450DB9BDAAC1}.Debug|Any CPU.ActiveCfg = Debug|Any CPU
		{8E497330-8C0C-4D9D-9647-450DB9BDAAC1}.Debug|Any CPU.Build.0 = Debug|Any CPU
		{8E497330-8C0C-4D9D-9647-450DB9BDAAC1}.Release|Any CPU.ActiveCfg = Release|Any CPU
		{8E497330-8C0C-4D9D-9647-450DB9BDAAC1}.Release|Any CPU.Build.0 = Release|Any CPU
		{C7D3EB00-B4B1-400C-B91D-EE726874FC8B}.Debug|Any CPU.ActiveCfg = Debug|Any CPU
		{C7D3EB00-B4B1-400C-B91D-EE726874FC8B}.Debug|Any CPU.Build.0 = Debug|Any CPU
		{C7D3EB00-B4B1-400C-B91D-EE726874FC8B}.Release|Any CPU.ActiveCfg = Release|Any CPU
		{C7D3EB00-B4B1-400C-B91D-EE726874FC8B}.Release|Any CPU.Build.0 = Release|Any CPU
		{CD9A8B2A-5C73-44DE-A470-F64722B0A146}.Debug|Any CPU.ActiveCfg = Debug|Any CPU
		{CD9A8B2A-5C73-44DE-A470-F64722B0A146}.Debug|Any CPU.Build.0 = Debug|Any CPU
		{CD9A8B2A-5C73-44DE-A470-F64722B0A146}.Release|Any CPU.ActiveCfg = Release|Any CPU
		{CD9A8B2A-5C73-44DE-A470-F64722B0A146}.Release|Any CPU.Build.0 = Release|Any CPU
		{6C80B85F-92C3-4145-AB8F-999CA1E72C2D}.Debug|Any CPU.ActiveCfg = Debug|Any CPU
		{6C80B85F-92C3-4145-AB8F-999CA1E72C2D}.Debug|Any CPU.Build.0 = Debug|Any CPU
		{6C80B85F-92C3-4145-AB8F-999CA1E72C2D}.Release|Any CPU.ActiveCfg = Release|Any CPU
		{6C80B85F-92C3-4145-AB8F-999CA1E72C2D}.Release|Any CPU.Build.0 = Release|Any CPU
		{72832B4F-B5D4-498E-A83C-AAF9DBACFF32}.Debug|Any CPU.ActiveCfg = Debug|Any CPU
		{72832B4F-B5D4-498E-A83C-AAF9DBACFF32}.Debug|Any CPU.Build.0 = Debug|Any CPU
		{72832B4F-B5D4-498E-A83C-AAF9DBACFF32}.Release|Any CPU.ActiveCfg = Release|Any CPU
		{72832B4F-B5D4-498E-A83C-AAF9DBACFF32}.Release|Any CPU.Build.0 = Release|Any CPU
		{747EAB33-0539-4C32-8779-FC17823EDC78}.Debug|Any CPU.ActiveCfg = Debug|Any CPU
		{747EAB33-0539-4C32-8779-FC17823EDC78}.Debug|Any CPU.Build.0 = Debug|Any CPU
		{747EAB33-0539-4C32-8779-FC17823EDC78}.Release|Any CPU.ActiveCfg = Release|Any CPU
		{747EAB33-0539-4C32-8779-FC17823EDC78}.Release|Any CPU.Build.0 = Release|Any CPU
	EndGlobalSection
	GlobalSection(SolutionProperties) = preSolution
		HideSolutionNode = FALSE
	EndGlobalSection
EndGlobal
